[
  {
    "url": "https://github.com/ms-jpq/chadtree",
    "commit": "bc34bbf898c5832fae1390c963365be5f71bb152",
    "path": "chadtree/start/chadtree"
  },
  {
    "url": "https://github.com/ms-jpq/coq_nvim.git",
    "commit": "4e23fa17477c5afe65a999dfb3ece25559819177",
    "path": "coq_nvim/start/coq_nvim"
  },
  {
    "url": "https://github.com/ms-jpq/coq.thirdparty",
    "commit": "6ee3c221c308dca7071387267ac76c9272b184a9",
    "path": "coq_nvim/start/coq.thirdparty"
  }
]
