[
  {
    "url": "https://github.com/ms-jpq/chadtree",
    "commit": "bc34bbf898c5832fae1390c963365be5f71bb152",
    "path": "seestarz-core/start/chadtree"
  },
  {
    "url": "https://github.com/ms-jpq/coq_nvim.git",
    "commit": "4e23fa17477c5afe65a999dfb3ece25559819177",
    "path": "seestarz-core/start/coq_nvim"
  },
  {
    "url": "https://github.com/ms-jpq/coq.thirdparty",
    "commit": "6ee3c221c308dca7071387267ac76c9272b184a9",
    "path": "seestarz-core/start/coq.thirdparty"
  },
  {
    "url": "https://github.com/neovim/nvim-lspconfig",
    "commit": "1cb30b1bafe5a63a5c6ac20dc39f83487df38855",
    "path": "seestarz-core/start/nvim-lspconfig"
  },
  {
    "url": "https://github.com/barrett-ruth/live-server.nvim",
    "commit": "e8a34bc37fc565c678addbb352a59aa6c1842c2b",
    "path": "seestarz-web/opt/live-server.nvim"
  }
]
