[
  {
    "url": "https://github.com/nvim-lualine/lualine.nvim",
    "commit": "a94fc68960665e54408fe37dcf573193c4ce82c9",
    "path": "seestarz-core/start/lualine.nvim"
  },
  {
    "url": "https://github.com/hrsh7th/nvim-cmp",
    "commit": "b5311ab3ed9c846b585c0c15b7559be131ec4be9",
    "path": "seestarz-core/start/nvim-cmp"
  },
  {
    "url": "https://github.com/neovim/nvim-lspconfig",
    "commit": "1cb30b1bafe5a63a5c6ac20dc39f83487df38855",
    "path": "seestarz-core/start/nvim-lspconfig"
  },
  {
    "url": "https://github.com/uZer/pywal16.nvim",
    "commit": "6d8063c6cff2760ecef5c11b2609905e0215e214",
    "path": "seestarz-core/start/pywal16.nvim"
  },
  {
    "url": "https://github.com/barrett-ruth/live-server.nvim",
    "commit": "e8a34bc37fc565c678addbb352a59aa6c1842c2b",
    "path": "seestarz-web/opt/live-server.nvim"
  }
]
